
Microsoft Visual Studio Solution File, Format Version 12.00
# Visual Studio Version 17
VisualStudioVersion = 17.1.32421.90
MinimumVisualStudioVersion = 10.0.40219.1
Project("{2150E333-8FDC-42A3-9474-1A3956D46DE8}") = "FrontEnd", "FrontEnd", "{7B5CA0D7-B719-469E-AE66-C7F0E1AA03EC}"
EndProject
Project("{2150E333-8FDC-42A3-9474-1A3956D46DE8}") = "BackEnd", "BackEnd", "{7EBBADA9-57F4-496A-BE26-81BEDCCA5157}"
EndProject
Project("{FAE04EC0-301F-11D3-BF4B-00C04F79EFBC}") = "GeekShopping.WebApplication", "GeekShopping.WebApplication\GeekShopping.WebApplication.csproj", "{B12D003C-78B1-45C3-83C1-542956707958}"
EndProject
Project("{FAE04EC0-301F-11D3-BF4B-00C04F79EFBC}") = "GeekShopping.Api", "GeekShopping.Api\GeekShopping.Api.csproj", "{CA8045A8-3F90-4BA0-8A94-76EE898A9405}"
EndProject
Global
	GlobalSection(SolutionConfigurationPlatforms) = preSolution
		Debug|Any CPU = Debug|Any CPU
		Release|Any CPU = Release|Any CPU
	EndGlobalSection
	GlobalSection(ProjectConfigurationPlatforms) = postSolution
		{B12D003C-78B1-45C3-83C1-542956707958}.Debug|Any CPU.ActiveCfg = Debug|Any CPU
		{B12D003C-78B1-45C3-83C1-542956707958}.Debug|Any CPU.Build.0 = Debug|Any CPU
		{B12D003C-78B1-45C3-83C1-542956707958}.Release|Any CPU.ActiveCfg = Release|Any CPU
		{B12D003C-78B1-45C3-83C1-542956707958}.Release|Any CPU.Build.0 = Release|Any CPU
		{CA8045A8-3F90-4BA0-8A94-76EE898A9405}.Debug|Any CPU.ActiveCfg = Debug|Any CPU
		{CA8045A8-3F90-4BA0-8A94-76EE898A9405}.Debug|Any CPU.Build.0 = Debug|Any CPU
		{CA8045A8-3F90-4BA0-8A94-76EE898A9405}.Release|Any CPU.ActiveCfg = Release|Any CPU
		{CA8045A8-3F90-4BA0-8A94-76EE898A9405}.Release|Any CPU.Build.0 = Release|Any CPU
	EndGlobalSection
	GlobalSection(SolutionProperties) = preSolution
		HideSolutionNode = FALSE
	EndGlobalSection
	GlobalSection(NestedProjects) = preSolution
		{B12D003C-78B1-45C3-83C1-542956707958} = {7B5CA0D7-B719-469E-AE66-C7F0E1AA03EC}
		{CA8045A8-3F90-4BA0-8A94-76EE898A9405} = {7EBBADA9-57F4-496A-BE26-81BEDCCA5157}
	EndGlobalSection
	GlobalSection(ExtensibilityGlobals) = postSolution
		SolutionGuid = {7193E644-EEDB-4626-8367-3B6953709534}
	EndGlobalSection
EndGlobal
